// !$*UTF8*$!
{
	archiveVersion = 1;
	classes = {
	};
	objectVersion = 77;
	objects = {

/* Begin PBXBuildFile section */
		1BEC2B7F2F78A693008F24F4 /* MapboxMaps in Frameworks */ = {isa = PBXBuildFile; productRef = 1BEC2B7E2F78A693008F24F4 /* MapboxMaps */; };
		1BEC2B8B2F79E5F7008F24F4 /* MapboxSearch in Frameworks */ = {isa = PBXBuildFile; productRef = 1BEC2B8A2F79E5F7008F24F4 /* MapboxSearch */; };
		1BEC2B8D2F79E5F7008F24F4 /* MapboxSearchUI in Frameworks */ = {isa = PBXBuildFile; productRef = 1BEC2B8C2F79E5F7008F24F4 /* MapboxSearchUI */; };
/* End PBXBuildFile section */

/* Begin PBXContainerItemProxy section */
		1B018F172F58FC9300059380 /* PBXContainerItemProxy */ = {
			isa = PBXContainerItemProxy;
			containerPortal = 1B018EFF2F58FC8C00059380 /* Project object */;
			proxyType = 1;
			remoteGlobalIDString = 1B018F062F58FC8C00059380;
			remoteInfo = Wander;
		};
		1B018F212F58FC9300059380 /* PBXContainerItemProxy */ = {
			isa = PBXContainerItemProxy;
			containerPortal = 1B018EFF2F58FC8C00059380 /* Project object */;
			proxyType = 1;
			remoteGlobalIDString = 1B018F062F58FC8C00059380;
			remoteInfo = Wander;
		};
/* End PBXContainerItemProxy section */

/* Begin PBXFileReference section */
		1B018F072F58FC8C00059380 /* Wander.app */ = {isa = PBXFileReference; explicitFileType = wrapper.application; includeInIndex = 0; path = Wander.app; sourceTree = BUILT_PRODUCTS_DIR; };
		1B018F162F58FC9300059380 /* WanderTests.xctest */ = {isa = PBXFileReference; explicitFileType = wrapper.cfbundle; includeInIndex = 0; path = WanderTests.xctest; sourceTree = BUILT_PRODUCTS_DIR; };
		1B018F202F58FC9300059380 /* WanderUITests.xctest */ = {isa = PBXFileReference; explicitFileType = wrapper.cfbundle; includeInIndex = 0; path = WanderUITests.xctest; sourceTree = BUILT_PRODUCTS_DIR; };
/* End PBXFileReference section */

/* Begin PBXFileSystemSynchronizedRootGroup section */
		1B018F092F58FC8C00059380 /* Wander */ = {
			isa = PBXFileSystemSynchronizedRootGroup;
			path = Wander;
			sourceTree = "<group>";
		};
		1B018F192F58FC9300059380 /* WanderTests */ = {
			isa = PBXFileSystemSynchronizedRootGroup;
			path = WanderTests;
			sourceTree = "<group>";
		};
		1B018F232F58FC9300059380 /* WanderUITests */ = {
			isa = PBXFileSystemSynchronizedRootGroup;
			path = WanderUITests;
			sourceTree = "<group>";
		};
/* End PBXFileSystemSynchronizedRootGroup section */

/* Begin PBXFrameworksBuildPhase section */
		1B018F042F58FC8C00059380 /* Frameworks */ = {
			isa = PBXFrameworksBuildPhase;
			buildActionMask = 2147483647;
			files = (
				1BEC2B7F2F78A693008F24F4 /* MapboxMaps in Frameworks */,
				1BEC2B8D2F79E5F7008F24F4 /* MapboxSearchUI in Frameworks */,
				1BEC2B8B2F79E5F7008F24F4 /* MapboxSearch in Frameworks */,
			);
			runOnlyForDeploymentPostprocessing = 0;
		};
		1B018F132F58FC9300059380 /* Frameworks */ = {
			isa = PBXFrameworksBuildPhase;
			buildActionMask = 2147483647;
			files = (
			);
			runOnlyForDeploymentPostprocessing = 0;
		};
		1B018F1D2F58FC9300059380 /* Frameworks */ = {
			isa = PBXFrameworksBuildPhase;
			buildActionMask = 2147483647;
			files = (
			);
			runOnlyForDeploymentPostprocessing = 0;
		};
/* End PBXFrameworksBuildPhase section */

/* Begin PBXGroup section */
		1B018EFE2F58FC8C00059380 = {
			isa = PBXGroup;
			children = (
				1B018F092F58FC8C00059380 /* Wander */,
				1B018F192F58FC9300059380 /* WanderTests */,
				1B018F232F58FC9300059380 /* WanderUITests */,
				1BEC2B7D2F78A693008F24F4 /* Frameworks */,
				1B018F082F58FC8C00059380 /* Products */,
			);
			sourceTree = "<group>";
		};
		1B018F082F58FC8C00059380 /* Products */ = {
			isa = PBXGroup;
			children = (
				1B018F072F58FC8C00059380 /* Wander.app */,
				1B018F162F58FC9300059380 /* WanderTests.xctest */,
				1B018F202F58FC9300059380 /* WanderUITests.xctest */,
			);
			name = Products;
			sourceTree = "<group>";
		};
		1BEC2B7D2F78A693008F24F4 /* Frameworks */ = {
			isa = PBXGroup;
			children = (
			);
			name = Frameworks;
			sourceTree = "<group>";
		};
/* End PBXGroup section */

/* Begin PBXNativeTarget section */
		1B018F062F58FC8C00059380 /* Wander */ = {
			isa = PBXNativeTarget;
			buildConfigurationList = 1B018F2A2F58FC9300059380 /* Build configuration list for PBXNativeTarget "Wander" */;
			buildPhases = (
				1B018F032F58FC8C00059380 /* Sources */,
				1B018F042F58FC8C00059380 /* Frameworks */,
				1B018F052F58FC8C00059380 /* Resources */,
				1BEC2B802F79D9DB008F24F4 /* ShellScript */,
			);
			buildRules = (
			);
			dependencies = (
			);
			fileSystemSynchronizedGroups = (
				1B018F092F58FC8C00059380 /* Wander */,
			);
			name = Wander;
			packageProductDependencies = (
				1BEC2B7E2F78A693008F24F4 /* MapboxMaps */,
				1BEC2B8A2F79E5F7008F24F4 /* MapboxSearch */,
				1BEC2B8C2F79E5F7008F24F4 /* MapboxSearchUI */,
			);
			productName = Wander;
			productReference = 1B018F072F58FC8C00059380 /* Wander.app */;
			productType = "com.apple.product-type.application";
		};
		1B018F152F58FC9300059380 /* WanderTests */ = {
			isa = PBXNativeTarget;
			buildConfigurationList = 1B018F2D2F58FC9300059380 /* Build configuration list for PBXNativeTarget "WanderTests" */;
			buildPhases = (
				1B018F122F58FC9300059380 /* Sources */,
				1B018F132F58FC9300059380 /* Frameworks */,
				1B018F142F58FC9300059380 /* Resources */,
			);
			buildRules = (
			);
			dependencies = (
				1B018F182F58FC9300059380 /* PBXTargetDependency */,
			);
			fileSystemSynchronizedGroups = (
				1B018F192F58FC9300059380 /* WanderTests */,
			);
			name = WanderTests;
			packageProductDependencies = (
			);
			productName = WanderTests;
			productReference = 1B018F162F58FC9300059380 /* WanderTests.xctest */;
			productType = "com.apple.product-type.bundle.unit-test";
		};
		1B018F1F2F58FC9300059380 /* WanderUITests */ = {
			isa = PBXNativeTarget;
			buildConfigurationList = 1B018F302F58FC9300059380 /* Build configuration list for PBXNativeTarget "WanderUITests" */;
			buildPhases = (
				1B018F1C2F58FC9300059380 /* Sources */,
				1B018F1D2F58FC9300059380 /* Frameworks */,
				1B018F1E2F58FC9300059380 /* Resources */,
			);
			buildRules = (
			);
			dependencies = (
				1B018F222F58FC9300059380 /* PBXTargetDependency */,
			);
			fileSystemSynchronizedGroups = (
				1B018F232F58FC9300059380 /* WanderUITests */,
			);
			name = WanderUITests;
			packageProductDependencies = (
			);
			productName = WanderUITests;
			productReference = 1B018F202F58FC9300059380 /* WanderUITests.xctest */;
			productType = "com.apple.product-type.bundle.ui-testing";
		};
/* End PBXNativeTarget section */

/* Begin PBXProject section */
		1B018EFF2F58FC8C00059380 /* Project object */ = {
			isa = PBXProject;
			attributes = {
				BuildIndependentTargetsInParallel = 1;
				LastSwiftUpdateCheck = 2600;
				LastUpgradeCheck = 2600;
				TargetAttributes = {
					1B018F062F58FC8C00059380 = {
						CreatedOnToolsVersion = 26.0;
					};
					1B018F152F58FC9300059380 = {
						CreatedOnToolsVersion = 26.0;
						TestTargetID = 1B018F062F58FC8C00059380;
					};
					1B018F1F2F58FC9300059380 = {
						CreatedOnToolsVersion = 26.0;
						TestTargetID = 1B018F062F58FC8C00059380;
					};
				};
			};
			buildConfigurationList = 1B018F022F58FC8C00059380 /* Build configuration list for PBXProject "Wander" */;
			developmentRegion = en;
			hasScannedForEncodings = 0;
			knownRegions = (
				en,
				Base,
			);
			mainGroup = 1B018EFE2F58FC8C00059380;
			minimizedProjectReferenceProxies = 1;
			packageReferences = (
				1BEC2B7C2F78A58B008F24F4 /* XCRemoteSwiftPackageReference "mapbox-maps-ios" */,
				1BEC2B812F79DB2B008F24F4 /* XCRemoteSwiftPackageReference "search-ios" */,
			);
			preferredProjectObjectVersion = 77;
			productRefGroup = 1B018F082F58FC8C00059380 /* Products */;
			projectDirPath = "";
			projectRoot = "";
			targets = (
				1B018F062F58FC8C00059380 /* Wander */,
				1B018F152F58FC9300059380 /* WanderTests */,
				1B018F1F2F58FC9300059380 /* WanderUITests */,
			);
		};
/* End PBXProject section */

/* Begin PBXResourcesBuildPhase section */
		1B018F052F58FC8C00059380 /* Resources */ = {
			isa = PBXResourcesBuildPhase;
			buildActionMask = 2147483647;
			files = (
			);
			runOnlyForDeploymentPostprocessing = 0;
		};
		1B018F142F58FC9300059380 /* Resources */ = {
			isa = PBXResourcesBuildPhase;
			buildActionMask = 2147483647;
			files = (
			);
			runOnlyForDeploymentPostprocessing = 0;
		};
		1B018F1E2F58FC9300059380 /* Resources */ = {
			isa = PBXResourcesBuildPhase;
			buildActionMask = 2147483647;
			files = (
			);
			runOnlyForDeploymentPostprocessing = 0;
		};
/* End PBXResourcesBuildPhase section */

/* Begin PBXShellScriptBuildPhase section */
		1BEC2B802F79D9DB008F24F4 /* ShellScript */ = {
			isa = PBXShellScriptBuildPhase;
			buildActionMask = 2147483647;
			files = (
			);
			inputFileListPaths = (
			);
			inputPaths = (
				"$(TARGET_BUILD_DIR)/$(INFOPLIST_PATH)",
			);
			outputFileListPaths = (
			);
			outputPaths = (
			);
			runOnlyForDeploymentPostprocessing = 0;
			shellPath = /bin/sh;
			shellScript = "# Look for a global file named 'mapbox' or '.mapbox' within the home directory\ntoken_file=~/.mapbox\ntoken_file2=~/mapbox\ntoken=\"$(cat $token_file 2>/dev/null || cat $token_file2 2>/dev/null)\"\nif [ \"$token\" ]; then\n  plutil -replace MBXAccessToken -string $token \"$TARGET_BUILD_DIR/$INFOPLIST_PATH\"\nelse\n  echo 'warning: Missing Mapbox access token'\n  open 'https://console.mapbox.com/account/access-tokens/'\n  echo \"warning: Get an access token from <https://console.mapbox.com/account/access-tokens/>, then create a new file at $token_file or $token_file2 that contains the access token.\"\nfi\n";
		};
/* End PBXShellScriptBuildPhase section */

/* Begin PBXSourcesBuildPhase section */
		1B018F032F58FC8C00059380 /* Sources */ = {
			isa = PBXSourcesBuildPhase;
			buildActionMask = 2147483647;
			files = (
			);
			runOnlyForDeploymentPostprocessing = 0;
		};
		1B018F122F58FC9300059380 /* Sources */ = {
			isa = PBXSourcesBuildPhase;
			buildActionMask = 2147483647;
			files = (
			);
			runOnlyForDeploymentPostprocessing = 0;
		};
		1B018F1C2F58FC9300059380 /* Sources */ = {
			isa = PBXSourcesBuildPhase;
			buildActionMask = 2147483647;
			files = (
			);
			runOnlyForDeploymentPostprocessing = 0;
		};
/* End PBXSourcesBuildPhase section */

/* Begin PBXTargetDependency section */
		1B018F182F58FC9300059380 /* PBXTargetDependency */ = {
			isa = PBXTargetDependency;
			target = 1B018F062F58FC8C00059380 /* Wander */;
			targetProxy = 1B018F172F58FC9300059380 /* PBXContainerItemProxy */;
		};
		1B018F222F58FC9300059380 /* PBXTargetDependency */ = {
			isa = PBXTargetDependency;
			target = 1B018F062F58FC8C00059380 /* Wander */;
			targetProxy = 1B018F212F58FC9300059380 /* PBXContainerItemProxy */;
		};
/* End PBXTargetDependency section */

/* Begin XCBuildConfiguration section */
		1B018F282F58FC9300059380 /* Debug */ = {
			isa = XCBuildConfiguration;
			buildSettings = {
				ALWAYS_SEARCH_USER_PATHS = NO;
				ASSETCATALOG_COMPILER_GENERATE_SWIFT_ASSET_SYMBOL_EXTENSIONS = YES;
				CLANG_ANALYZER_NONNULL = YES;
				CLANG_ANALYZER_NUMBER_OBJECT_CONVERSION = YES_AGGRESSIVE;
				CLANG_CXX_LANGUAGE_STANDARD = "gnu++20";
				CLANG_ENABLE_MODULES = YES;
				CLANG_ENABLE_OBJC_ARC = YES;
				CLANG_ENABLE_OBJC_WEAK = YES;
				CLANG_WARN_BLOCK_CAPTURE_AUTORELEASING = YES;
				CLANG_WARN_BOOL_CONVERSION = YES;
				CLANG_WARN_COMMA = YES;
				CLANG_WARN_CONSTANT_CONVERSION = YES;
				CLANG_WARN_DEPRECATED_OBJC_IMPLEMENTATIONS = YES;
				CLANG_WARN_DIRECT_OBJC_ISA_USAGE = YES_ERROR;
				CLANG_WARN_DOCUMENTATION_COMMENTS = YES;
				CLANG_WARN_EMPTY_BODY = YES;
				CLANG_WARN_ENUM_CONVERSION = YES;
				CLANG_WARN_INFINITE_RECURSION = YES;
				CLANG_WARN_INT_CONVERSION = YES;
				CLANG_WARN_NON_LITERAL_NULL_CONVERSION = YES;
				CLANG_WARN_OBJC_IMPLICIT_RETAIN_SELF = YES;
				CLANG_WARN_OBJC_LITERAL_CONVERSION = YES;
				CLANG_WARN_OBJC_ROOT_CLASS = YES_ERROR;
				CLANG_WARN_QUOTED_INCLUDE_IN_FRAMEWORK_HEADER = YES;
				CLANG_WARN_RANGE_LOOP_ANALYSIS = YES;
				CLANG_WARN_STRICT_PROTOTYPES = YES;
				CLANG_WARN_SUSPICIOUS_MOVE = YES;
				CLANG_WARN_UNGUARDED_AVAILABILITY = YES_AGGRESSIVE;
				CLANG_WARN_UNREACHABLE_CODE = YES;
				CLANG_WARN__DUPLICATE_METHOD_MATCH = YES;
				COPY_PHASE_STRIP = NO;
				DEBUG_INFORMATION_FORMAT = dwarf;
				ENABLE_STRICT_OBJC_MSGSEND = YES;
				ENABLE_TESTABILITY = YES;
				ENABLE_USER_SCRIPT_SANDBOXING = YES;
				GCC_C_LANGUAGE_STANDARD = gnu17;
				GCC_DYNAMIC_NO_PIC = NO;
				GCC_NO_COMMON_BLOCKS = YES;
				GCC_OPTIMIZATION_LEVEL = 0;
				GCC_PREPROCESSOR_DEFINITIONS = (
					"DEBUG=1",
					"$(inherited)",
				);
				GCC_WARN_64_TO_32_BIT_CONVERSION = YES;
				GCC_WARN_ABOUT_RETURN_TYPE = YES_ERROR;
				GCC_WARN_UNDECLARED_SELECTOR = YES;
				GCC_WARN_UNINITIALIZED_AUTOS = YES_AGGRESSIVE;
				GCC_WARN_UNUSED_FUNCTION = YES;
				GCC_WARN_UNUSED_VARIABLE = YES;
				IPHONEOS_DEPLOYMENT_TARGET = 26.0;
				LOCALIZATION_PREFERS_STRING_CATALOGS = YES;
				MTL_ENABLE_DEBUG_INFO = INCLUDE_SOURCE;
				MTL_FAST_MATH = YES;
				ONLY_ACTIVE_ARCH = YES;
				SDKROOT = iphoneos;
				SWIFT_ACTIVE_COMPILATION_CONDITIONS = "DEBUG $(inherited)";
				SWIFT_OPTIMIZATION_LEVEL = "-Onone";
			};
			name = Debug;
		};
		1B018F292F58FC9300059380 /* Release */ = {
			isa = XCBuildConfiguration;
			buildSettings = {
				ALWAYS_SEARCH_USER_PATHS = NO;
				ASSETCATALOG_COMPILER_GENERATE_SWIFT_ASSET_SYMBOL_EXTENSIONS = YES;
				CLANG_ANALYZER_NONNULL = YES;
				CLANG_ANALYZER_NUMBER_OBJECT_CONVERSION = YES_AGGRESSIVE;
				CLANG_CXX_LANGUAGE_STANDARD = "gnu++20";
				CLANG_ENABLE_MODULES = YES;
				CLANG_ENABLE_OBJC_ARC = YES;
				CLANG_ENABLE_OBJC_WEAK = YES;
				CLANG_WARN_BLOCK_CAPTURE_AUTORELEASING = YES;
				CLANG_WARN_BOOL_CONVERSION = YES;
				CLANG_WARN_COMMA = YES;
				CLANG_WARN_CONSTANT_CONVERSION = YES;
				CLANG_WARN_DEPRECATED_OBJC_IMPLEMENTATIONS = YES;
				CLANG_WARN_DIRECT_OBJC_ISA_USAGE = YES_ERROR;
				CLANG_WARN_DOCUMENTATION_COMMENTS = YES;
				CLANG_WARN_EMPTY_BODY = YES;
				CLANG_WARN_ENUM_CONVERSION = YES;
				CLANG_WARN_INFINITE_RECURSION = YES;
				CLANG_WARN_INT_CONVERSION = YES;
				CLANG_WARN_NON_LITERAL_NULL_CONVERSION = YES;
				CLANG_WARN_OBJC_IMPLICIT_RETAIN_SELF = YES;
				CLANG_WARN_OBJC_LITERAL_CONVERSION = YES;
				CLANG_WARN_OBJC_ROOT_CLASS = YES_ERROR;
				CLANG_WARN_QUOTED_INCLUDE_IN_FRAMEWORK_HEADER = YES;
				CLANG_WARN_RANGE_LOOP_ANALYSIS = YES;
				CLANG_WARN_STRICT_PROTOTYPES = YES;
				CLANG_WARN_SUSPICIOUS_MOVE = YES;
				CLANG_WARN_UNGUARDED_AVAILABILITY = YES_AGGRESSIVE;
				CLANG_WARN_UNREACHABLE_CODE = YES;
				CLANG_WARN__DUPLICATE_METHOD_MATCH = YES;
				COPY_PHASE_STRIP = NO;
				DEBUG_INFORMATION_FORMAT = "dwarf-with-dsym";
				ENABLE_NS_ASSERTIONS = NO;
				ENABLE_STRICT_OBJC_MSGSEND = YES;
				ENABLE_USER_SCRIPT_SANDBOXING = YES;
				GCC_C_LANGUAGE_STANDARD = gnu17;
				GCC_NO_COMMON_BLOCKS = YES;
				GCC_WARN_64_TO_32_BIT_CONVERSION = YES;
				GCC_WARN_ABOUT_RETURN_TYPE = YES_ERROR;
				GCC_WARN_UNDECLARED_SELECTOR = YES;
				GCC_WARN_UNINITIALIZED_AUTOS = YES_AGGRESSIVE;
				GCC_WARN_UNUSED_FUNCTION = YES;
				GCC_WARN_UNUSED_VARIABLE = YES;
				IPHONEOS_DEPLOYMENT_TARGET = 26.0;
				LOCALIZATION_PREFERS_STRING_CATALOGS = YES;
				MTL_ENABLE_DEBUG_INFO = NO;
				MTL_FAST_MATH = YES;
				SDKROOT = iphoneos;
				SWIFT_COMPILATION_MODE = wholemodule;
				VALIDATE_PRODUCT = YES;
			};
			name = Release;
		};
		1B018F2B2F58FC9300059380 /* Debug */ = {
			isa = XCBuildConfiguration;
			buildSettings = {
				ASSETCATALOG_COMPILER_APPICON_NAME = AppIcon;
				ASSETCATALOG_COMPILER_GLOBAL_ACCENT_COLOR_NAME = AccentColor;
				CODE_SIGN_STYLE = Automatic;
				CURRENT_PROJECT_VERSION = 1;
				ENABLE_PREVIEWS = YES;
				ENABLE_USER_SCRIPT_SANDBOXING = NO;
				GENERATE_INFOPLIST_FILE = YES;
				INFOPLIST_FILE = Wander/Info.plist;
				INFOPLIST_KEY_UIApplicationSceneManifest_Generation = YES;
				INFOPLIST_KEY_UIApplicationSupportsIndirectInputEvents = YES;
				INFOPLIST_KEY_UILaunchScreen_Generation = YES;
				INFOPLIST_KEY_UISupportedInterfaceOrientations_iPad = "UIInterfaceOrientationPortrait UIInterfaceOrientationPortraitUpsideDown UIInterfaceOrientationLandscapeLeft UIInterfaceOrientationLandscapeRight";
				INFOPLIST_KEY_UISupportedInterfaceOrientations_iPhone = "UIInterfaceOrientationPortrait UIInterfaceOrientationLandscapeLeft UIInterfaceOrientationLandscapeRight";
				LD_RUNPATH_SEARCH_PATHS = (
					"$(inherited)",
					"@executable_path/Frameworks",
				);
				MARKETING_VERSION = 1.0;
				PRODUCT_BUNDLE_IDENTIFIER = com.jessicajesus.Wander;
				PRODUCT_NAME = "$(TARGET_NAME)";
				STRING_CATALOG_GENERATE_SYMBOLS = YES;
				SWIFT_APPROACHABLE_CONCURRENCY = YES;
				SWIFT_DEFAULT_ACTOR_ISOLATION = MainActor;
				SWIFT_EMIT_LOC_STRINGS = YES;
				SWIFT_UPCOMING_FEATURE_MEMBER_IMPORT_VISIBILITY = YES;
				SWIFT_VERSION = 5.0;
				TARGETED_DEVICE_FAMILY = "1,2";
			};
			name = Debug;
		};
		1B018F2C2F58FC9300059380 /* Release */ = {
			isa = XCBuildConfiguration;
			buildSettings = {
				ASSETCATALOG_COMPILER_APPICON_NAME = AppIcon;
				ASSETCATALOG_COMPILER_GLOBAL_ACCENT_COLOR_NAME = AccentColor;
				CODE_SIGN_STYLE = Automatic;
				CURRENT_PROJECT_VERSION = 1;
				ENABLE_PREVIEWS = YES;
				ENABLE_USER_SCRIPT_SANDBOXING = NO;
				GENERATE_INFOPLIST_FILE = YES;
				INFOPLIST_FILE = Wander/Info.plist;
				INFOPLIST_KEY_UIApplicationSceneManifest_Generation = YES;
				INFOPLIST_KEY_UIApplicationSupportsIndirectInputEvents = YES;
				INFOPLIST_KEY_UILaunchScreen_Generation = YES;
				INFOPLIST_KEY_UISupportedInterfaceOrientations_iPad = "UIInterfaceOrientationPortrait UIInterfaceOrientationPortraitUpsideDown UIInterfaceOrientationLandscapeLeft UIInterfaceOrientationLandscapeRight";
				INFOPLIST_KEY_UISupportedInterfaceOrientations_iPhone = "UIInterfaceOrientationPortrait UIInterfaceOrientationLandscapeLeft UIInterfaceOrientationLandscapeRight";
				LD_RUNPATH_SEARCH_PATHS = (
					"$(inherited)",
					"@executable_path/Frameworks",
				);
				MARKETING_VERSION = 1.0;
				PRODUCT_BUNDLE_IDENTIFIER = com.jessicajesus.Wander;
				PRODUCT_NAME = "$(TARGET_NAME)";
				STRING_CATALOG_GENERATE_SYMBOLS = YES;
				SWIFT_APPROACHABLE_CONCURRENCY = YES;
				SWIFT_DEFAULT_ACTOR_ISOLATION = MainActor;
				SWIFT_EMIT_LOC_STRINGS = YES;
				SWIFT_UPCOMING_FEATURE_MEMBER_IMPORT_VISIBILITY = YES;
				SWIFT_VERSION = 5.0;
				TARGETED_DEVICE_FAMILY = "1,2";
			};
			name = Release;
		};
		1B018F2E2F58FC9300059380 /* Debug */ = {
			isa = XCBuildConfiguration;
			buildSettings = {
				BUNDLE_LOADER = "$(TEST_HOST)";
				CODE_SIGN_STYLE = Automatic;
				CURRENT_PROJECT_VERSION = 1;
				GENERATE_INFOPLIST_FILE = YES;
				IPHONEOS_DEPLOYMENT_TARGET = 26.0;
				MARKETING_VERSION = 1.0;
				PRODUCT_BUNDLE_IDENTIFIER = com.jessicajesus.WanderTests;
				PRODUCT_NAME = "$(TARGET_NAME)";
				STRING_CATALOG_GENERATE_SYMBOLS = NO;
				SWIFT_APPROACHABLE_CONCURRENCY = YES;
				SWIFT_EMIT_LOC_STRINGS = NO;
				SWIFT_UPCOMING_FEATURE_MEMBER_IMPORT_VISIBILITY = YES;
				SWIFT_VERSION = 5.0;
				TARGETED_DEVICE_FAMILY = "1,2";
				TEST_HOST = "$(BUILT_PRODUCTS_DIR)/Wander.app/$(BUNDLE_EXECUTABLE_FOLDER_PATH)/Wander";
			};
			name = Debug;
		};
		1B018F2F2F58FC9300059380 /* Release */ = {
			isa = XCBuildConfiguration;
			buildSettings = {
				BUNDLE_LOADER = "$(TEST_HOST)";
				CODE_SIGN_STYLE = Automatic;
				CURRENT_PROJECT_VERSION = 1;
				GENERATE_INFOPLIST_FILE = YES;
				IPHONEOS_DEPLOYMENT_TARGET = 26.0;
				MARKETING_VERSION = 1.0;
				PRODUCT_BUNDLE_IDENTIFIER = com.jessicajesus.WanderTests;
				PRODUCT_NAME = "$(TARGET_NAME)";
				STRING_CATALOG_GENERATE_SYMBOLS = NO;
				SWIFT_APPROACHABLE_CONCURRENCY = YES;
				SWIFT_EMIT_LOC_STRINGS = NO;
				SWIFT_UPCOMING_FEATURE_MEMBER_IMPORT_VISIBILITY = YES;
				SWIFT_VERSION = 5.0;
				TARGETED_DEVICE_FAMILY = "1,2";
				TEST_HOST = "$(BUILT_PRODUCTS_DIR)/Wander.app/$(BUNDLE_EXECUTABLE_FOLDER_PATH)/Wander";
			};
			name = Release;
		};
		1B018F312F58FC9300059380 /* Debug */ = {
			isa = XCBuildConfiguration;
			buildSettings = {
				CODE_SIGN_STYLE = Automatic;
				CURRENT_PROJECT_VERSION = 1;
				GENERATE_INFOPLIST_FILE = YES;
				MARKETING_VERSION = 1.0;
				PRODUCT_BUNDLE_IDENTIFIER = com.jessicajesus.WanderUITests;
				PRODUCT_NAME = "$(TARGET_NAME)";
				STRING_CATALOG_GENERATE_SYMBOLS = NO;
				SWIFT_APPROACHABLE_CONCURRENCY = YES;
				SWIFT_EMIT_LOC_STRINGS = NO;
				SWIFT_UPCOMING_FEATURE_MEMBER_IMPORT_VISIBILITY = YES;
				SWIFT_VERSION = 5.0;
				TARGETED_DEVICE_FAMILY = "1,2";
				TEST_TARGET_NAME = Wander;
			};
			name = Debug;
		};
		1B018F322F58FC9300059380 /* Release */ = {
			isa = XCBuildConfiguration;
			buildSettings = {
				CODE_SIGN_STYLE = Automatic;
				CURRENT_PROJECT_VERSION = 1;
				GENERATE_INFOPLIST_FILE = YES;
				MARKETING_VERSION = 1.0;
				PRODUCT_BUNDLE_IDENTIFIER = com.jessicajesus.WanderUITests;
				PRODUCT_NAME = "$(TARGET_NAME)";
				STRING_CATALOG_GENERATE_SYMBOLS = NO;
				SWIFT_APPROACHABLE_CONCURRENCY = YES;
				SWIFT_EMIT_LOC_STRINGS = NO;
				SWIFT_UPCOMING_FEATURE_MEMBER_IMPORT_VISIBILITY = YES;
				SWIFT_VERSION = 5.0;
				TARGETED_DEVICE_FAMILY = "1,2";
				TEST_TARGET_NAME = Wander;
			};
			name = Release;
		};
/* End XCBuildConfiguration section */

/* Begin XCConfigurationList section */
		1B018F022F58FC8C00059380 /* Build configuration list for PBXProject "Wander" */ = {
			isa = XCConfigurationList;
			buildConfigurations = (
				1B018F282F58FC9300059380 /* Debug */,
				1B018F292F58FC9300059380 /* Release */,
			);
			defaultConfigurationIsVisible = 0;
			defaultConfigurationName = Release;
		};
		1B018F2A2F58FC9300059380 /* Build configuration list for PBXNativeTarget "Wander" */ = {
			isa = XCConfigurationList;
			buildConfigurations = (
				1B018F2B2F58FC9300059380 /* Debug */,
				1B018F2C2F58FC9300059380 /* Release */,
			);
			defaultConfigurationIsVisible = 0;
			defaultConfigurationName = Release;
		};
		1B018F2D2F58FC9300059380 /* Build configuration list for PBXNativeTarget "WanderTests" */ = {
			isa = XCConfigurationList;
			buildConfigurations = (
				1B018F2E2F58FC9300059380 /* Debug */,
				1B018F2F2F58FC9300059380 /* Release */,
			);
			defaultConfigurationIsVisible = 0;
			defaultConfigurationName = Release;
		};
		1B018F302F58FC9300059380 /* Build configuration list for PBXNativeTarget "WanderUITests" */ = {
			isa = XCConfigurationList;
			buildConfigurations = (
				1B018F312F58FC9300059380 /* Debug */,
				1B018F322F58FC9300059380 /* Release */,
			);
			defaultConfigurationIsVisible = 0;
			defaultConfigurationName = Release;
		};
/* End XCConfigurationList section */

/* Begin XCRemoteSwiftPackageReference section */
		1BEC2B7C2F78A58B008F24F4 /* XCRemoteSwiftPackageReference "mapbox-maps-ios" */ = {
			isa = XCRemoteSwiftPackageReference;
			repositoryURL = "https://github.com/mapbox/mapbox-maps-ios.git";
			requirement = {
				kind = upToNextMajorVersion;
				minimumVersion = 11.0.0;
			};
		};
		1BEC2B812F79DB2B008F24F4 /* XCRemoteSwiftPackageReference "search-ios" */ = {
			isa = XCRemoteSwiftPackageReference;
			repositoryURL = "https://github.com/mapbox/search-ios.git";
			requirement = {
				kind = exactVersion;
				version = 2.20.2;
			};
		};
/* End XCRemoteSwiftPackageReference section */

/* Begin XCSwiftPackageProductDependency section */
		1BEC2B7E2F78A693008F24F4 /* MapboxMaps */ = {
			isa = XCSwiftPackageProductDependency;
			package = 1BEC2B7C2F78A58B008F24F4 /* XCRemoteSwiftPackageReference "mapbox-maps-ios" */;
			productName = MapboxMaps;
		};
		1BEC2B8A2F79E5F7008F24F4 /* MapboxSearch */ = {
			isa = XCSwiftPackageProductDependency;
			package = 1BEC2B812F79DB2B008F24F4 /* XCRemoteSwiftPackageReference "search-ios" */;
			productName = MapboxSearch;
		};
		1BEC2B8C2F79E5F7008F24F4 /* MapboxSearchUI */ = {
			isa = XCSwiftPackageProductDependency;
			package = 1BEC2B812F79DB2B008F24F4 /* XCRemoteSwiftPackageReference "search-ios" */;
			productName = MapboxSearchUI;
		};
/* End XCSwiftPackageProductDependency section */
	};
	rootObject = 1B018EFF2F58FC8C00059380 /* Project object */;
}
